// !$*UTF8*$!
{
	archiveVersion = 1;
	classes = {
	};
	objectVersion = 46;
	objects = {

/* Begin PBXBuildFile section */
		32A8BD191BC19CB3004A7686 /* AppDelegate.swift in Sources */ = {isa = PBXBuildFile; fileRef = 32A8BD181BC19CB3004A7686 /* AppDelegate.swift */; };
		32A8BD1B1BC19CB3004A7686 /* ViewController.swift in Sources */ = {isa = PBXBuildFile; fileRef = 32A8BD1A1BC19CB3004A7686 /* ViewController.swift */; };
		32A8BD1E1BC19CB3004A7686 /* Main.storyboard in Resources */ = {isa = PBXBuildFile; fileRef = 32A8BD1C1BC19CB3004A7686 /* Main.storyboard */; };
		32A8BD201BC19CB3004A7686 /* Assets.xcassets in Resources */ = {isa = PBXBuildFile; fileRef = 32A8BD1F1BC19CB3004A7686 /* Assets.xcassets */; };
		32A8BD231BC19CB3004A7686 /* LaunchScreen.storyboard in Resources */ = {isa = PBXBuildFile; fileRef = 32A8BD211BC19CB3004A7686 /* LaunchScreen.storyboard */; };
/* End PBXBuildFile section */

/* Begin PBXFileReference section */
		32A8BD151BC19CB3004A7686 /* ChatApp.app */ = {isa = PBXFileReference; explicitFileType = wrapper.application; includeInIndex = 0; path = ChatApp.app; sourceTree = BUILT_PRODUCTS_DIR; };
		32A8BD181BC19CB3004A7686 /* AppDelegate.swift */ = {isa = PBXFileReference; lastKnownFileType = sourcecode.swift; path = AppDelegate.swift; sourceTree = "<group>"; };
		32A8BD1A1BC19CB3004A7686 /* ViewController.swift */ = {isa = PBXFileReference; lastKnownFileType = sourcecode.swift; path = ViewController.swift; sourceTree = "<group>"; };
		32A8BD1D1BC19CB3004A7686 /* Base */ = {isa = PBXFileReference; lastKnownFileType = file.storyboard; name = Base; path = Base.lproj/Main.storyboard; sourceTree = "<group>"; };
		32A8BD1F1BC19CB3004A7686 /* Assets.xcassets */ = {isa = PBXFileReference; lastKnownFileType = folder.assetcatalog; path = Assets.xcassets; sourceTree = "<group>"; };
		32A8BD221BC19CB3004A7686 /* Base */ = {isa = PBXFileReference; lastKnownFileType = file.storyboard; name = Base; path = Base.lproj/LaunchScreen.storyboard; sourceTree = "<group>"; };
		32A8BD241BC19CB3004A7686 /* Info.plist */ = {isa = PBXFileReference; lastKnownFileType = text.plist.xml; path = Info.plist; sourceTree = "<group>"; };
/* End PBXFileReference section */

/* Begin PBXFrameworksBuildPhase section */
		32A8BD121BC19CB3004A7686 /* Frameworks */ = {
			isa = PBXFrameworksBuildPhase;
			buildActionMask = 2147483647;
			files = (
			);
			runOnlyForDeploymentPostprocessing = 0;
		};
/* End PBXFrameworksBuildPhase section */

/* Begin PBXGroup section */
		32A8BD0C1BC19CB3004A7686 = {
			isa = PBXGroup;
			children = (
				32A8BD171BC19CB3004A7686 /* ChatApp */,
				32A8BD161BC19CB3004A7686 /* Products */,
			);
			sourceTree = "<group>";
		};
		32A8BD161BC19CB3004A7686 /* Products */ = {
			isa = PBXGroup;
			children = (
				32A8BD151BC19CB3004A7686 /* ChatApp.app */,
			);
			name = Products;
			sourceTree = "<group>";
		};
		32A8BD171BC19CB3004A7686 /* ChatApp */ = {
			isa = PBXGroup;
			children = (
				32A8BD181BC19CB3004A7686 /* AppDelegate.swift */,
				32A8BD1A1BC19CB3004A7686 /* ViewController.swift */,
				32A8BD1C1BC19CB3004A7686 /* Main.storyboard */,
				32A8BD1F1BC19CB3004A7686 /* Assets.xcassets */,
				32A8BD211BC19CB3004A7686 /* LaunchScreen.storyboard */,
				32A8BD241BC19CB3004A7686 /* Info.plist */,
			);
			path = ChatApp;
			sourceTree = "<group>";
		};
/* End PBXGroup section */

/* Begin PBXNativeTarget section */
		32A8BD141BC19CB3004A7686 /* ChatApp */ = {
			isa = PBXNativeTarget;
			buildConfigurationList = 32A8BD271BC19CB3004A7686 /* Build configuration list for PBXNativeTarget "ChatApp" */;
			buildPhases = (
				32A8BD111BC19CB3004A7686 /* Sources */,
				32A8BD121BC19CB3004A7686 /* Frameworks */,
				32A8BD131BC19CB3004A7686 /* Resources */,
			);
			buildRules = (
			);
			dependencies = (
			);
			name = ChatApp;
			productName = ChatApp;
			productReference = 32A8BD151BC19CB3004A7686 /* ChatApp.app */;
			productType = "com.apple.product-type.application";
		};
/* End PBXNativeTarget section */

/* Begin PBXProject section */
		32A8BD0D1BC19CB3004A7686 /* Project object */ = {
			isa = PBXProject;
			attributes = {
				LastUpgradeCheck = 0700;
				ORGANIZATIONNAME = TangWeichang;
				TargetAttributes = {
					32A8BD141BC19CB3004A7686 = {
						CreatedOnToolsVersion = 7.0;
						DevelopmentTeam = HEHUEH4R7F;
					};
				};
			};
			buildConfigurationList = 32A8BD101BC19CB3004A7686 /* Build configuration list for PBXProject "ChatApp" */;
			compatibilityVersion = "Xcode 3.2";
			developmentRegion = English;
			hasScannedForEncodings = 0;
			knownRegions = (
				en,
				Base,
			);
			mainGroup = 32A8BD0C1BC19CB3004A7686;
			productRefGroup = 32A8BD161BC19CB3004A7686 /* Products */;
			projectDirPath = "";
			projectRoot = "";
			targets = (
				32A8BD141BC19CB3004A7686 /* ChatApp */,
			);
		};
/* End PBXProject section */

/* Begin PBXResourcesBuildPhase section */
		32A8BD131BC19CB3004A7686 /* Resources */ = {
			isa = PBXResourcesBuildPhase;
			buildActionMask = 2147483647;
			files = (
				32A8BD231BC19CB3004A7686 /* LaunchScreen.storyboard in Resources */,
				32A8BD201BC19CB3004A7686 /* Assets.xcassets in Resources */,
				32A8BD1E1BC19CB3004A7686 /* Main.storyboard in Resources */,
			);
			runOnlyForDeploymentPostprocessing = 0;
		};
/* End PBXResourcesBuildPhase section */

/* Begin PBXSourcesBuildPhase section */
		32A8BD111BC19CB3004A7686 /* Sources */ = {
			isa = PBXSourcesBuildPhase;
			buildActionMask = 2147483647;
			files = (
				32A8BD1B1BC19CB3004A7686 /* ViewController.swift in Sources */,
				32A8BD191BC19CB3004A7686 /* AppDelegate.swift in Sources */,
			);
			runOnlyForDeploymentPostprocessing = 0;
		};
/* End PBXSourcesBuildPhase section */

/* Begin PBXVariantGroup section */
		32A8BD1C1BC19CB3004A7686 /* Main.storyboard */ = {
			isa = PBXVariantGroup;
			children = (
				32A8BD1D1BC19CB3004A7686 /* Base */,
			);
			name = Main.storyboard;
			sourceTree = "<group>";
		};
		32A8BD211BC19CB3004A7686 /* LaunchScreen.storyboard */ = {
			isa = PBXVariantGroup;
			children = (
				32A8BD221BC19CB3004A7686 /* Base */,
			);
			name = LaunchScreen.storyboard;
			sourceTree = "<group>";
		};
/* End PBXVariantGroup section */

/* Begin XCBuildConfiguration section */
		32A8BD251BC19CB3004A7686 /* Debug */ = {
			isa = XCBuildConfiguration;
			buildSettings = {
				ALWAYS_SEARCH_USER_PATHS = NO;
				CLANG_CXX_LANGUAGE_STANDARD = "gnu++0x";
				CLANG_CXX_LIBRARY = "libc++";
				CLANG_ENABLE_MODULES = YES;
				CLANG_ENABLE_OBJC_ARC = YES;
				CLANG_WARN_BOOL_CONVERSION = YES;
				CLANG_WARN_CONSTANT_CONVERSION = YES;
				CLANG_WARN_DIRECT_OBJC_ISA_USAGE = YES_ERROR;
				CLANG_WARN_EMPTY_BODY = YES;
				CLANG_WARN_ENUM_CONVERSION = YES;
				CLANG_WARN_INT_CONVERSION = YES;
				CLANG_WARN_OBJC_ROOT_CLASS = YES_ERROR;
				CLANG_WARN_UNREACHABLE_CODE = YES;
				CLANG_WARN__DUPLICATE_METHOD_MATCH = YES;
				"CODE_SIGN_IDENTITY[sdk=iphoneos*]" = "iPhone Developer";
				COPY_PHASE_STRIP = NO;
				DEBUG_INFORMATION_FORMAT = dwarf;
				ENABLE_STRICT_OBJC_MSGSEND = YES;
				ENABLE_TESTABILITY = YES;
				GCC_C_LANGUAGE_STANDARD = gnu99;
				GCC_DYNAMIC_NO_PIC = NO;
				GCC_NO_COMMON_BLOCKS = YES;
				GCC_OPTIMIZATION_LEVEL = 0;
				GCC_PREPROCESSOR_DEFINITIONS = (
					"DEBUG=1",
					"$(inherited)",
				);
				GCC_WARN_64_TO_32_BIT_CONVERSION = YES;
				GCC_WARN_ABOUT_RETURN_TYPE = YES_ERROR;
				GCC_WARN_UNDECLARED_SELECTOR = YES;
				GCC_WARN_UNINITIALIZED_AUTOS = YES_AGGRESSIVE;
				GCC_WARN_UNUSED_FUNCTION = YES;
				GCC_WARN_UNUSED_VARIABLE = YES;
				IPHONEOS_DEPLOYMENT_TARGET = 9.0;
				MTL_ENABLE_DEBUG_INFO = YES;
				ONLY_ACTIVE_ARCH = YES;
				SDKROOT = iphoneos;
				SWIFT_OPTIMIZATION_LEVEL = "-Onone";
				TARGETED_DEVICE_FAMILY = "1,2";
			};
			name = Debug;
		};
		32A8BD261BC19CB3004A7686 /* Release */ = {
			isa = XCBuildConfiguration;
			buildSettings = {
				ALWAYS_SEARCH_USER_PATHS = NO;
				CLANG_CXX_LANGUAGE_STANDARD = "gnu++0x";
				CLANG_CXX_LIBRARY = "libc++";
				CLANG_ENABLE_MODULES = YES;
				CLANG_ENABLE_OBJC_ARC = YES;
				CLANG_WARN_BOOL_CONVERSION = YES;
				CLANG_WARN_CONSTANT_CONVERSION = YES;
				CLANG_WARN_DIRECT_OBJC_ISA_USAGE = YES_ERROR;
				CLANG_WARN_EMPTY_BODY = YES;
				CLANG_WARN_ENUM_CONVERSION = YES;
				CLANG_WARN_INT_CONVERSION = YES;
				CLANG_WARN_OBJC_ROOT_CLASS = YES_ERROR;
				CLANG_WARN_UNREACHABLE_CODE = YES;
				CLANG_WARN__DUPLICATE_METHOD_MATCH = YES;
				"CODE_SIGN_IDENTITY[sdk=iphoneos*]" = "iPhone Developer";
				COPY_PHASE_STRIP = NO;
				DEBUG_INFORMATION_FORMAT = "dwarf-with-dsym";
				ENABLE_NS_ASSERTIONS = NO;
				ENABLE_STRICT_OBJC_MSGSEND = YES;
				GCC_C_LANGUAGE_STANDARD = gnu99;
				GCC_NO_COMMON_BLOCKS = YES;
				GCC_WARN_64_TO_32_BIT_CONVERSION = YES;
				GCC_WARN_ABOUT_RETURN_TYPE = YES_ERROR;
				GCC_WARN_UNDECLARED_SELECTOR = YES;
				GCC_WARN_UNINITIALIZED_AUTOS = YES_AGGRESSIVE;
				GCC_WARN_UNUSED_FUNCTION = YES;
				GCC_WARN_UNUSED_VARIABLE = YES;
				IPHONEOS_DEPLOYMENT_TARGET = 9.0;
				MTL_ENABLE_DEBUG_INFO = NO;
				SDKROOT = iphoneos;
				TARGETED_DEVICE_FAMILY = "1,2";
				VALIDATE_PRODUCT = YES;
			};
			name = Release;
		};
		32A8BD281BC19CB3004A7686 /* Debug */ = {
			isa = XCBuildConfiguration;
			buildSettings = {
				ASSETCATALOG_COMPILER_APPICON_NAME = AppIcon;
				INFOPLIST_FILE = ChatApp/Info.plist;
				LD_RUNPATH_SEARCH_PATHS = "$(inherited) @executable_path/Frameworks";
				PRODUCT_BUNDLE_IDENTIFIER = weichang.apptry.ChatApp;
				PRODUCT_NAME = "$(TARGET_NAME)";
			};
			name = Debug;
		};
		32A8BD291BC19CB3004A7686 /* Release */ = {
			isa = XCBuildConfiguration;
			buildSettings = {
				ASSETCATALOG_COMPILER_APPICON_NAME = AppIcon;
				INFOPLIST_FILE = ChatApp/Info.plist;
				LD_RUNPATH_SEARCH_PATHS = "$(inherited) @executable_path/Frameworks";
				PRODUCT_BUNDLE_IDENTIFIER = weichang.apptry.ChatApp;
				PRODUCT_NAME = "$(TARGET_NAME)";
			};
			name = Release;
		};
/* End XCBuildConfiguration section */

/* Begin XCConfigurationList section */
		32A8BD101BC19CB3004A7686 /* Build configuration list for PBXProject "ChatApp" */ = {
			isa = XCConfigurationList;
			buildConfigurations = (
				32A8BD251BC19CB3004A7686 /* Debug */,
				32A8BD261BC19CB3004A7686 /* Release */,
			);
			defaultConfigurationIsVisible = 0;
			defaultConfigurationName = Release;
		};
		32A8BD271BC19CB3004A7686 /* Build configuration list for PBXNativeTarget "ChatApp" */ = {
			isa = XCConfigurationList;
			buildConfigurations = (
				32A8BD281BC19CB3004A7686 /* Debug */,
				32A8BD291BC19CB3004A7686 /* Release */,
			);
			defaultConfigurationIsVisible = 0;
		};
/* End XCConfigurationList section */
	};
	rootObject = 32A8BD0D1BC19CB3004A7686 /* Project object */;
}
